// !$*UTF8*$!
{
	archiveVersion = 1;
	classes = {
	};
	objectVersion = 51;
	objects = {

/* Begin PBXBuildFile section */
		914D36C2247F64E800956112 /* GraphViewController.swift in Sources */ = {isa = PBXBuildFile; fileRef = 914D36C1247F64E800956112 /* GraphViewController.swift */; };
		914D36C5247F696600956112 /* MacawChartView.swift in Sources */ = {isa = PBXBuildFile; fileRef = 914D36C4247F696600956112 /* MacawChartView.swift */; };
		914FBF8623DE22A10036017C /* AppDelegate.swift in Sources */ = {isa = PBXBuildFile; fileRef = 914FBF8523DE22A10036017C /* AppDelegate.swift */; };
		914FBF8823DE22A10036017C /* SceneDelegate.swift in Sources */ = {isa = PBXBuildFile; fileRef = 914FBF8723DE22A10036017C /* SceneDelegate.swift */; };
		914FBF8A23DE22A10036017C /* FirstViewController.swift in Sources */ = {isa = PBXBuildFile; fileRef = 914FBF8923DE22A10036017C /* FirstViewController.swift */; };
		914FBF8F23DE22A10036017C /* Main.storyboard in Resources */ = {isa = PBXBuildFile; fileRef = 914FBF8D23DE22A10036017C /* Main.storyboard */; };
		914FBF9123DE22A30036017C /* Assets.xcassets in Resources */ = {isa = PBXBuildFile; fileRef = 914FBF9023DE22A30036017C /* Assets.xcassets */; };
		914FBF9423DE22A30036017C /* LaunchScreen.storyboard in Resources */ = {isa = PBXBuildFile; fileRef = 914FBF9223DE22A30036017C /* LaunchScreen.storyboard */; };
		916DB4C92415FA09002C3AF4 /* AddReminderTableViewController.swift in Sources */ = {isa = PBXBuildFile; fileRef = 916DB4C82415FA09002C3AF4 /* AddReminderTableViewController.swift */; };
		916DB4D3242B0E2A002C3AF4 /* Notification.Name+Extensions.swift in Sources */ = {isa = PBXBuildFile; fileRef = 916DB4D2242B0E2A002C3AF4 /* Notification.Name+Extensions.swift */; };
		916DB4D9246D0876002C3AF4 /* HabitTableViewController.swift in Sources */ = {isa = PBXBuildFile; fileRef = 916DB4D8246D0876002C3AF4 /* HabitTableViewController.swift */; };
		916DB4DB246D0896002C3AF4 /* AddHabitViewController.swift in Sources */ = {isa = PBXBuildFile; fileRef = 916DB4DA246D0896002C3AF4 /* AddHabitViewController.swift */; };
		916DB4DE246D0B93002C3AF4 /* Habit+CoreDataClass.swift in Sources */ = {isa = PBXBuildFile; fileRef = 916DB4DC246D0B93002C3AF4 /* Habit+CoreDataClass.swift */; };
		916DB4DF246D0B93002C3AF4 /* Habit+CoreDataProperties.swift in Sources */ = {isa = PBXBuildFile; fileRef = 916DB4DD246D0B93002C3AF4 /* Habit+CoreDataProperties.swift */; };
		917C6B1624135D0F0059E7D2 /* InTouch.xcdatamodeld in Sources */ = {isa = PBXBuildFile; fileRef = 917C6B1424135D0F0059E7D2 /* InTouch.xcdatamodeld */; };
		917C6B3B241368FA0059E7D2 /* PersistenceService.swift in Sources */ = {isa = PBXBuildFile; fileRef = 917C6B3A241368FA0059E7D2 /* PersistenceService.swift */; };
		919B26E6240F785700EEB648 /* ReminderTableViewController.swift in Sources */ = {isa = PBXBuildFile; fileRef = 919B26E5240F785700EEB648 /* ReminderTableViewController.swift */; };
		91E8ABAC24137813005CC319 /* Reminder+CoreDataClass.swift in Sources */ = {isa = PBXBuildFile; fileRef = 91E8ABAA24137813005CC319 /* Reminder+CoreDataClass.swift */; };
		91E8ABAD24137813005CC319 /* Reminder+CoreDataProperties.swift in Sources */ = {isa = PBXBuildFile; fileRef = 91E8ABAB24137813005CC319 /* Reminder+CoreDataProperties.swift */; };
		91F935F82477427B009D3203 /* TrackRecordTableViewController.swift in Sources */ = {isa = PBXBuildFile; fileRef = 91F935F72477427B009D3203 /* TrackRecordTableViewController.swift */; };
		91F935FA2479C0A7009D3203 /* WorkRecordTableViewController.swift in Sources */ = {isa = PBXBuildFile; fileRef = 91F935F92479C0A7009D3203 /* WorkRecordTableViewController.swift */; };
		91F935FC2479D3C5009D3203 /* TrackRecordCell.swift in Sources */ = {isa = PBXBuildFile; fileRef = 91F935FB2479D3C5009D3203 /* TrackRecordCell.swift */; };
		ADC3578192783462DF59501B /* Pods_InTouch.framework in Frameworks */ = {isa = PBXBuildFile; fileRef = 5EE3489E6B96415E98347EFB /* Pods_InTouch.framework */; };
/* End PBXBuildFile section */

/* Begin PBXFileReference section */
		14E5F265B2C0B81CCE2D4469 /* Pods-InTouch.release.xcconfig */ = {isa = PBXFileReference; includeInIndex = 1; lastKnownFileType = text.xcconfig; name = "Pods-InTouch.release.xcconfig"; path = "Target Support Files/Pods-InTouch/Pods-InTouch.release.xcconfig"; sourceTree = "<group>"; };
		5EE3489E6B96415E98347EFB /* Pods_InTouch.framework */ = {isa = PBXFileReference; explicitFileType = wrapper.framework; includeInIndex = 0; path = Pods_InTouch.framework; sourceTree = BUILT_PRODUCTS_DIR; };
		914D36C1247F64E800956112 /* GraphViewController.swift */ = {isa = PBXFileReference; lastKnownFileType = sourcecode.swift; path = GraphViewController.swift; sourceTree = "<group>"; };
		914D36C4247F696600956112 /* MacawChartView.swift */ = {isa = PBXFileReference; lastKnownFileType = sourcecode.swift; path = MacawChartView.swift; sourceTree = "<group>"; };
		914FBF8223DE22A10036017C /* InTouch.app */ = {isa = PBXFileReference; explicitFileType = wrapper.application; includeInIndex = 0; path = InTouch.app; sourceTree = BUILT_PRODUCTS_DIR; };
		914FBF8523DE22A10036017C /* AppDelegate.swift */ = {isa = PBXFileReference; lastKnownFileType = sourcecode.swift; path = AppDelegate.swift; sourceTree = "<group>"; };
		914FBF8723DE22A10036017C /* SceneDelegate.swift */ = {isa = PBXFileReference; lastKnownFileType = sourcecode.swift; path = SceneDelegate.swift; sourceTree = "<group>"; };
		914FBF8923DE22A10036017C /* FirstViewController.swift */ = {isa = PBXFileReference; lastKnownFileType = sourcecode.swift; path = FirstViewController.swift; sourceTree = "<group>"; };
		914FBF8E23DE22A10036017C /* Base */ = {isa = PBXFileReference; lastKnownFileType = file.storyboard; name = Base; path = Base.lproj/Main.storyboard; sourceTree = "<group>"; };
		914FBF9023DE22A30036017C /* Assets.xcassets */ = {isa = PBXFileReference; lastKnownFileType = folder.assetcatalog; path = Assets.xcassets; sourceTree = "<group>"; };
		914FBF9323DE22A30036017C /* Base */ = {isa = PBXFileReference; lastKnownFileType = file.storyboard; name = Base; path = Base.lproj/LaunchScreen.storyboard; sourceTree = "<group>"; };
		914FBF9523DE22A30036017C /* Info.plist */ = {isa = PBXFileReference; lastKnownFileType = text.plist.xml; path = Info.plist; sourceTree = "<group>"; };
		916DB4C82415FA09002C3AF4 /* AddReminderTableViewController.swift */ = {isa = PBXFileReference; lastKnownFileType = sourcecode.swift; path = AddReminderTableViewController.swift; sourceTree = "<group>"; };
		916DB4D2242B0E2A002C3AF4 /* Notification.Name+Extensions.swift */ = {isa = PBXFileReference; lastKnownFileType = sourcecode.swift; path = "Notification.Name+Extensions.swift"; sourceTree = "<group>"; };
		916DB4D8246D0876002C3AF4 /* HabitTableViewController.swift */ = {isa = PBXFileReference; lastKnownFileType = sourcecode.swift; path = HabitTableViewController.swift; sourceTree = "<group>"; };
		916DB4DA246D0896002C3AF4 /* AddHabitViewController.swift */ = {isa = PBXFileReference; lastKnownFileType = sourcecode.swift; path = AddHabitViewController.swift; sourceTree = "<group>"; };
		916DB4DC246D0B93002C3AF4 /* Habit+CoreDataClass.swift */ = {isa = PBXFileReference; lastKnownFileType = sourcecode.swift; path = "Habit+CoreDataClass.swift"; sourceTree = "<group>"; };
		916DB4DD246D0B93002C3AF4 /* Habit+CoreDataProperties.swift */ = {isa = PBXFileReference; lastKnownFileType = sourcecode.swift; path = "Habit+CoreDataProperties.swift"; sourceTree = "<group>"; };
		917C6B1524135D0F0059E7D2 /* InTouch.xcdatamodel */ = {isa = PBXFileReference; lastKnownFileType = wrapper.xcdatamodel; path = InTouch.xcdatamodel; sourceTree = "<group>"; };
		917C6B3A241368FA0059E7D2 /* PersistenceService.swift */ = {isa = PBXFileReference; lastKnownFileType = sourcecode.swift; path = PersistenceService.swift; sourceTree = "<group>"; };
		919B26E5240F785700EEB648 /* ReminderTableViewController.swift */ = {isa = PBXFileReference; lastKnownFileType = sourcecode.swift; path = ReminderTableViewController.swift; sourceTree = "<group>"; };
		91E8ABAA24137813005CC319 /* Reminder+CoreDataClass.swift */ = {isa = PBXFileReference; lastKnownFileType = sourcecode.swift; path = "Reminder+CoreDataClass.swift"; sourceTree = "<group>"; };
		91E8ABAB24137813005CC319 /* Reminder+CoreDataProperties.swift */ = {isa = PBXFileReference; lastKnownFileType = sourcecode.swift; path = "Reminder+CoreDataProperties.swift"; sourceTree = "<group>"; };
		91F935F72477427B009D3203 /* TrackRecordTableViewController.swift */ = {isa = PBXFileReference; lastKnownFileType = sourcecode.swift; path = TrackRecordTableViewController.swift; sourceTree = "<group>"; };
		91F935F92479C0A7009D3203 /* WorkRecordTableViewController.swift */ = {isa = PBXFileReference; lastKnownFileType = sourcecode.swift; path = WorkRecordTableViewController.swift; sourceTree = "<group>"; };
		91F935FB2479D3C5009D3203 /* TrackRecordCell.swift */ = {isa = PBXFileReference; lastKnownFileType = sourcecode.swift; path = TrackRecordCell.swift; sourceTree = "<group>"; };
		9602FE2287DCB423B69203C1 /* Pods-InTouch.debug.xcconfig */ = {isa = PBXFileReference; includeInIndex = 1; lastKnownFileType = text.xcconfig; name = "Pods-InTouch.debug.xcconfig"; path = "Target Support Files/Pods-InTouch/Pods-InTouch.debug.xcconfig"; sourceTree = "<group>"; };
/* End PBXFileReference section */

/* Begin PBXFrameworksBuildPhase section */
		914FBF7F23DE22A10036017C /* Frameworks */ = {
			isa = PBXFrameworksBuildPhase;
			buildActionMask = 2147483647;
			files = (
				ADC3578192783462DF59501B /* Pods_InTouch.framework in Frameworks */,
			);
			runOnlyForDeploymentPostprocessing = 0;
		};
/* End PBXFrameworksBuildPhase section */

/* Begin PBXGroup section */
		41C2EF5AB4A2568A36B10DC1 /* Pods */ = {
			isa = PBXGroup;
			children = (
				9602FE2287DCB423B69203C1 /* Pods-InTouch.debug.xcconfig */,
				14E5F265B2C0B81CCE2D4469 /* Pods-InTouch.release.xcconfig */,
			);
			path = Pods;
			sourceTree = "<group>";
		};
		914FBF7923DE22A10036017C = {
			isa = PBXGroup;
			children = (
				916DB4DC246D0B93002C3AF4 /* Habit+CoreDataClass.swift */,
				916DB4DD246D0B93002C3AF4 /* Habit+CoreDataProperties.swift */,
				91E8ABAA24137813005CC319 /* Reminder+CoreDataClass.swift */,
				91E8ABAB24137813005CC319 /* Reminder+CoreDataProperties.swift */,
				914FBF8423DE22A10036017C /* InTouch */,
				914FBF8323DE22A10036017C /* Products */,
				41C2EF5AB4A2568A36B10DC1 /* Pods */,
				B5F908473D0FE04BAF39CDCC /* Frameworks */,
			);
			sourceTree = "<group>";
		};
		914FBF8323DE22A10036017C /* Products */ = {
			isa = PBXGroup;
			children = (
				914FBF8223DE22A10036017C /* InTouch.app */,
			);
			name = Products;
			sourceTree = "<group>";
		};
		914FBF8423DE22A10036017C /* InTouch */ = {
			isa = PBXGroup;
			children = (
				916DB4D2242B0E2A002C3AF4 /* Notification.Name+Extensions.swift */,
				914FBF8523DE22A10036017C /* AppDelegate.swift */,
				914FBF8723DE22A10036017C /* SceneDelegate.swift */,
				914FBF8923DE22A10036017C /* FirstViewController.swift */,
				91F935F92479C0A7009D3203 /* WorkRecordTableViewController.swift */,
				914D36C1247F64E800956112 /* GraphViewController.swift */,
				914D36C4247F696600956112 /* MacawChartView.swift */,
				914FBF8D23DE22A10036017C /* Main.storyboard */,
				916DB4D8246D0876002C3AF4 /* HabitTableViewController.swift */,
				916DB4DA246D0896002C3AF4 /* AddHabitViewController.swift */,
				91F935F72477427B009D3203 /* TrackRecordTableViewController.swift */,
				91F935FB2479D3C5009D3203 /* TrackRecordCell.swift */,
				917C6B1424135D0F0059E7D2 /* InTouch.xcdatamodeld */,
				916DB4C82415FA09002C3AF4 /* AddReminderTableViewController.swift */,
				919B26E5240F785700EEB648 /* ReminderTableViewController.swift */,
				914FBF9023DE22A30036017C /* Assets.xcassets */,
				914FBF9223DE22A30036017C /* LaunchScreen.storyboard */,
				914FBF9523DE22A30036017C /* Info.plist */,
				917C6B3A241368FA0059E7D2 /* PersistenceService.swift */,
			);
			path = InTouch;
			sourceTree = "<group>";
		};
		B5F908473D0FE04BAF39CDCC /* Frameworks */ = {
			isa = PBXGroup;
			children = (
				5EE3489E6B96415E98347EFB /* Pods_InTouch.framework */,
			);
			name = Frameworks;
			sourceTree = "<group>";
		};
/* End PBXGroup section */

/* Begin PBXNativeTarget section */
		914FBF8123DE22A10036017C /* InTouch */ = {
			isa = PBXNativeTarget;
			buildConfigurationList = 914FBF9823DE22A30036017C /* Build configuration list for PBXNativeTarget "InTouch" */;
			buildPhases = (
				8D7486AF2FC6D512F02E2690 /* [CP] Check Pods Manifest.lock */,
				914FBF7E23DE22A10036017C /* Sources */,
				914FBF7F23DE22A10036017C /* Frameworks */,
				914FBF8023DE22A10036017C /* Resources */,
				00FB276491CED18CFCD37C8A /* [CP] Embed Pods Frameworks */,
			);
			buildRules = (
			);
			dependencies = (
			);
			name = InTouch;
			productName = InTouch;
			productReference = 914FBF8223DE22A10036017C /* InTouch.app */;
			productType = "com.apple.product-type.application";
		};
/* End PBXNativeTarget section */

/* Begin PBXProject section */
		914FBF7A23DE22A10036017C /* Project object */ = {
			isa = PBXProject;
			attributes = {
				LastSwiftUpdateCheck = 1130;
				LastUpgradeCheck = 1130;
				ORGANIZATIONNAME = "Johnson Tran";
				TargetAttributes = {
					914FBF8123DE22A10036017C = {
						CreatedOnToolsVersion = 11.3;
					};
				};
			};
			buildConfigurationList = 914FBF7D23DE22A10036017C /* Build configuration list for PBXProject "InTouch" */;
			compatibilityVersion = "Xcode 9.3";
			developmentRegion = en;
			hasScannedForEncodings = 0;
			knownRegions = (
				en,
				Base,
			);
			mainGroup = 914FBF7923DE22A10036017C;
			productRefGroup = 914FBF8323DE22A10036017C /* Products */;
			projectDirPath = "";
			projectRoot = "";
			targets = (
				914FBF8123DE22A10036017C /* InTouch */,
			);
		};
/* End PBXProject section */

/* Begin PBXResourcesBuildPhase section */
		914FBF8023DE22A10036017C /* Resources */ = {
			isa = PBXResourcesBuildPhase;
			buildActionMask = 2147483647;
			files = (
				914FBF9423DE22A30036017C /* LaunchScreen.storyboard in Resources */,
				914FBF9123DE22A30036017C /* Assets.xcassets in Resources */,
				914FBF8F23DE22A10036017C /* Main.storyboard in Resources */,
			);
			runOnlyForDeploymentPostprocessing = 0;
		};
/* End PBXResourcesBuildPhase section */

/* Begin PBXShellScriptBuildPhase section */
		00FB276491CED18CFCD37C8A /* [CP] Embed Pods Frameworks */ = {
			isa = PBXShellScriptBuildPhase;
			buildActionMask = 2147483647;
			files = (
			);
			inputFileListPaths = (
				"${PODS_ROOT}/Target Support Files/Pods-InTouch/Pods-InTouch-frameworks-${CONFIGURATION}-input-files.xcfilelist",
			);
			name = "[CP] Embed Pods Frameworks";
			outputFileListPaths = (
				"${PODS_ROOT}/Target Support Files/Pods-InTouch/Pods-InTouch-frameworks-${CONFIGURATION}-output-files.xcfilelist",
			);
			runOnlyForDeploymentPostprocessing = 0;
			shellPath = /bin/sh;
			shellScript = "\"${PODS_ROOT}/Target Support Files/Pods-InTouch/Pods-InTouch-frameworks.sh\"\n";
			showEnvVarsInLog = 0;
		};
		8D7486AF2FC6D512F02E2690 /* [CP] Check Pods Manifest.lock */ = {
			isa = PBXShellScriptBuildPhase;
			buildActionMask = 2147483647;
			files = (
			);
			inputFileListPaths = (
			);
			inputPaths = (
				"${PODS_PODFILE_DIR_PATH}/Podfile.lock",
				"${PODS_ROOT}/Manifest.lock",
			);
			name = "[CP] Check Pods Manifest.lock";
			outputFileListPaths = (
			);
			outputPaths = (
				"$(DERIVED_FILE_DIR)/Pods-InTouch-checkManifestLockResult.txt",
			);
			runOnlyForDeploymentPostprocessing = 0;
			shellPath = /bin/sh;
			shellScript = "diff \"${PODS_PODFILE_DIR_PATH}/Podfile.lock\" \"${PODS_ROOT}/Manifest.lock\" > /dev/null\nif [ $? != 0 ] ; then\n    # print error to STDERR\n    echo \"error: The sandbox is not in sync with the Podfile.lock. Run 'pod install' or update your CocoaPods installation.\" >&2\n    exit 1\nfi\n# This output is used by Xcode 'outputs' to avoid re-running this script phase.\necho \"SUCCESS\" > \"${SCRIPT_OUTPUT_FILE_0}\"\n";
			showEnvVarsInLog = 0;
		};
/* End PBXShellScriptBuildPhase section */

/* Begin PBXSourcesBuildPhase section */
		914FBF7E23DE22A10036017C /* Sources */ = {
			isa = PBXSourcesBuildPhase;
			buildActionMask = 2147483647;
			files = (
				91E8ABAC24137813005CC319 /* Reminder+CoreDataClass.swift in Sources */,
				91F935FC2479D3C5009D3203 /* TrackRecordCell.swift in Sources */,
				916DB4D3242B0E2A002C3AF4 /* Notification.Name+Extensions.swift in Sources */,
				916DB4D9246D0876002C3AF4 /* HabitTableViewController.swift in Sources */,
				914FBF8A23DE22A10036017C /* FirstViewController.swift in Sources */,
				91F935F82477427B009D3203 /* TrackRecordTableViewController.swift in Sources */,
				917C6B1624135D0F0059E7D2 /* InTouch.xcdatamodeld in Sources */,
				91E8ABAD24137813005CC319 /* Reminder+CoreDataProperties.swift in Sources */,
				916DB4DF246D0B93002C3AF4 /* Habit+CoreDataProperties.swift in Sources */,
				914D36C2247F64E800956112 /* GraphViewController.swift in Sources */,
				914FBF8623DE22A10036017C /* AppDelegate.swift in Sources */,
				916DB4DB246D0896002C3AF4 /* AddHabitViewController.swift in Sources */,
				914FBF8823DE22A10036017C /* SceneDelegate.swift in Sources */,
				917C6B3B241368FA0059E7D2 /* PersistenceService.swift in Sources */,
				919B26E6240F785700EEB648 /* ReminderTableViewController.swift in Sources */,
				914D36C5247F696600956112 /* MacawChartView.swift in Sources */,
				916DB4DE246D0B93002C3AF4 /* Habit+CoreDataClass.swift in Sources */,
				916DB4C92415FA09002C3AF4 /* AddReminderTableViewController.swift in Sources */,
				91F935FA2479C0A7009D3203 /* WorkRecordTableViewController.swift in Sources */,
			);
			runOnlyForDeploymentPostprocessing = 0;
		};
/* End PBXSourcesBuildPhase section */

/* Begin PBXVariantGroup section */
		914FBF8D23DE22A10036017C /* Main.storyboard */ = {
			isa = PBXVariantGroup;
			children = (
				914FBF8E23DE22A10036017C /* Base */,
			);
			name = Main.storyboard;
			sourceTree = "<group>";
		};
		914FBF9223DE22A30036017C /* LaunchScreen.storyboard */ = {
			isa = PBXVariantGroup;
			children = (
				914FBF9323DE22A30036017C /* Base */,
			);
			name = LaunchScreen.storyboard;
			sourceTree = "<group>";
		};
/* End PBXVariantGroup section */

/* Begin XCBuildConfiguration section */
		914FBF9623DE22A30036017C /* Debug */ = {
			isa = XCBuildConfiguration;
			buildSettings = {
				ALWAYS_SEARCH_USER_PATHS = NO;
				CLANG_ANALYZER_NONNULL = YES;
				CLANG_ANALYZER_NUMBER_OBJECT_CONVERSION = YES_AGGRESSIVE;
				CLANG_CXX_LANGUAGE_STANDARD = "gnu++14";
				CLANG_CXX_LIBRARY = "libc++";
				CLANG_ENABLE_MODULES = YES;
				CLANG_ENABLE_OBJC_ARC = YES;
				CLANG_ENABLE_OBJC_WEAK = YES;
				CLANG_WARN_BLOCK_CAPTURE_AUTORELEASING = YES;
				CLANG_WARN_BOOL_CONVERSION = YES;
				CLANG_WARN_COMMA = YES;
				CLANG_WARN_CONSTANT_CONVERSION = YES;
				CLANG_WARN_DEPRECATED_OBJC_IMPLEMENTATIONS = YES;
				CLANG_WARN_DIRECT_OBJC_ISA_USAGE = YES_ERROR;
				CLANG_WARN_DOCUMENTATION_COMMENTS = YES;
				CLANG_WARN_EMPTY_BODY = YES;
				CLANG_WARN_ENUM_CONVERSION = YES;
				CLANG_WARN_INFINITE_RECURSION = YES;
				CLANG_WARN_INT_CONVERSION = YES;
				CLANG_WARN_NON_LITERAL_NULL_CONVERSION = YES;
				CLANG_WARN_OBJC_IMPLICIT_RETAIN_SELF = YES;
				CLANG_WARN_OBJC_LITERAL_CONVERSION = YES;
				CLANG_WARN_OBJC_ROOT_CLASS = YES_ERROR;
				CLANG_WARN_RANGE_LOOP_ANALYSIS = YES;
				CLANG_WARN_STRICT_PROTOTYPES = YES;
				CLANG_WARN_SUSPICIOUS_MOVE = YES;
				CLANG_WARN_UNGUARDED_AVAILABILITY = YES_AGGRESSIVE;
				CLANG_WARN_UNREACHABLE_CODE = YES;
				CLANG_WARN__DUPLICATE_METHOD_MATCH = YES;
				COPY_PHASE_STRIP = NO;
				DEBUG_INFORMATION_FORMAT = dwarf;
				ENABLE_STRICT_OBJC_MSGSEND = YES;
				ENABLE_TESTABILITY = YES;
				GCC_C_LANGUAGE_STANDARD = gnu11;
				GCC_DYNAMIC_NO_PIC = NO;
				GCC_NO_COMMON_BLOCKS = YES;
				GCC_OPTIMIZATION_LEVEL = 0;
				GCC_PREPROCESSOR_DEFINITIONS = (
					"DEBUG=1",
					"$(inherited)",
				);
				GCC_WARN_64_TO_32_BIT_CONVERSION = YES;
				GCC_WARN_ABOUT_RETURN_TYPE = YES_ERROR;
				GCC_WARN_UNDECLARED_SELECTOR = YES;
				GCC_WARN_UNINITIALIZED_AUTOS = YES_AGGRESSIVE;
				GCC_WARN_UNUSED_FUNCTION = YES;
				GCC_WARN_UNUSED_VARIABLE = YES;
				IPHONEOS_DEPLOYMENT_TARGET = 13.2;
				MTL_ENABLE_DEBUG_INFO = INCLUDE_SOURCE;
				MTL_FAST_MATH = YES;
				ONLY_ACTIVE_ARCH = YES;
				SDKROOT = iphoneos;
				SWIFT_ACTIVE_COMPILATION_CONDITIONS = DEBUG;
				SWIFT_OPTIMIZATION_LEVEL = "-Onone";
			};
			name = Debug;
		};
		914FBF9723DE22A30036017C /* Release */ = {
			isa = XCBuildConfiguration;
			buildSettings = {
				ALWAYS_SEARCH_USER_PATHS = NO;
				CLANG_ANALYZER_NONNULL = YES;
				CLANG_ANALYZER_NUMBER_OBJECT_CONVERSION = YES_AGGRESSIVE;
				CLANG_CXX_LANGUAGE_STANDARD = "gnu++14";
				CLANG_CXX_LIBRARY = "libc++";
				CLANG_ENABLE_MODULES = YES;
				CLANG_ENABLE_OBJC_ARC = YES;
				CLANG_ENABLE_OBJC_WEAK = YES;
				CLANG_WARN_BLOCK_CAPTURE_AUTORELEASING = YES;
				CLANG_WARN_BOOL_CONVERSION = YES;
				CLANG_WARN_COMMA = YES;
				CLANG_WARN_CONSTANT_CONVERSION = YES;
				CLANG_WARN_DEPRECATED_OBJC_IMPLEMENTATIONS = YES;
				CLANG_WARN_DIRECT_OBJC_ISA_USAGE = YES_ERROR;
				CLANG_WARN_DOCUMENTATION_COMMENTS = YES;
				CLANG_WARN_EMPTY_BODY = YES;
				CLANG_WARN_ENUM_CONVERSION = YES;
				CLANG_WARN_INFINITE_RECURSION = YES;
				CLANG_WARN_INT_CONVERSION = YES;
				CLANG_WARN_NON_LITERAL_NULL_CONVERSION = YES;
				CLANG_WARN_OBJC_IMPLICIT_RETAIN_SELF = YES;
				CLANG_WARN_OBJC_LITERAL_CONVERSION = YES;
				CLANG_WARN_OBJC_ROOT_CLASS = YES_ERROR;
				CLANG_WARN_RANGE_LOOP_ANALYSIS = YES;
				CLANG_WARN_STRICT_PROTOTYPES = YES;
				CLANG_WARN_SUSPICIOUS_MOVE = YES;
				CLANG_WARN_UNGUARDED_AVAILABILITY = YES_AGGRESSIVE;
				CLANG_WARN_UNREACHABLE_CODE = YES;
				CLANG_WARN__DUPLICATE_METHOD_MATCH = YES;
				COPY_PHASE_STRIP = NO;
				DEBUG_INFORMATION_FORMAT = "dwarf-with-dsym";
				ENABLE_NS_ASSERTIONS = NO;
				ENABLE_STRICT_OBJC_MSGSEND = YES;
				GCC_C_LANGUAGE_STANDARD = gnu11;
				GCC_NO_COMMON_BLOCKS = YES;
				GCC_WARN_64_TO_32_BIT_CONVERSION = YES;
				GCC_WARN_ABOUT_RETURN_TYPE = YES_ERROR;
				GCC_WARN_UNDECLARED_SELECTOR = YES;
				GCC_WARN_UNINITIALIZED_AUTOS = YES_AGGRESSIVE;
				GCC_WARN_UNUSED_FUNCTION = YES;
				GCC_WARN_UNUSED_VARIABLE = YES;
				IPHONEOS_DEPLOYMENT_TARGET = 13.2;
				MTL_ENABLE_DEBUG_INFO = NO;
				MTL_FAST_MATH = YES;
				SDKROOT = iphoneos;
				SWIFT_COMPILATION_MODE = wholemodule;
				SWIFT_OPTIMIZATION_LEVEL = "-O";
				VALIDATE_PRODUCT = YES;
			};
			name = Release;
		};
		914FBF9923DE22A30036017C /* Debug */ = {
			isa = XCBuildConfiguration;
			baseConfigurationReference = 9602FE2287DCB423B69203C1 /* Pods-InTouch.debug.xcconfig */;
			buildSettings = {
				ASSETCATALOG_COMPILER_APPICON_NAME = AppIcon;
				CODE_SIGN_STYLE = Automatic;
				DEVELOPMENT_TEAM = X477Q533L6;
				INFOPLIST_FILE = InTouch/Info.plist;
				LD_RUNPATH_SEARCH_PATHS = (
					"$(inherited)",
					"@executable_path/Frameworks",
				);
				PRODUCT_BUNDLE_IDENTIFIER = com.JohnsonTran.InTouch;
				PRODUCT_NAME = "$(TARGET_NAME)";
				SWIFT_VERSION = 5.0;
				TARGETED_DEVICE_FAMILY = 1;
			};
			name = Debug;
		};
		914FBF9A23DE22A30036017C /* Release */ = {
			isa = XCBuildConfiguration;
			baseConfigurationReference = 14E5F265B2C0B81CCE2D4469 /* Pods-InTouch.release.xcconfig */;
			buildSettings = {
				ASSETCATALOG_COMPILER_APPICON_NAME = AppIcon;
				CODE_SIGN_STYLE = Automatic;
				DEVELOPMENT_TEAM = X477Q533L6;
				INFOPLIST_FILE = InTouch/Info.plist;
				LD_RUNPATH_SEARCH_PATHS = (
					"$(inherited)",
					"@executable_path/Frameworks",
				);
				PRODUCT_BUNDLE_IDENTIFIER = com.JohnsonTran.InTouch;
				PRODUCT_NAME = "$(TARGET_NAME)";
				SWIFT_VERSION = 5.0;
				TARGETED_DEVICE_FAMILY = 1;
			};
			name = Release;
		};
/* End XCBuildConfiguration section */

/* Begin XCConfigurationList section */
		914FBF7D23DE22A10036017C /* Build configuration list for PBXProject "InTouch" */ = {
			isa = XCConfigurationList;
			buildConfigurations = (
				914FBF9623DE22A30036017C /* Debug */,
				914FBF9723DE22A30036017C /* Release */,
			);
			defaultConfigurationIsVisible = 0;
			defaultConfigurationName = Release;
		};
		914FBF9823DE22A30036017C /* Build configuration list for PBXNativeTarget "InTouch" */ = {
			isa = XCConfigurationList;
			buildConfigurations = (
				914FBF9923DE22A30036017C /* Debug */,
				914FBF9A23DE22A30036017C /* Release */,
			);
			defaultConfigurationIsVisible = 0;
			defaultConfigurationName = Release;
		};
/* End XCConfigurationList section */

/* Begin XCVersionGroup section */
		917C6B1424135D0F0059E7D2 /* InTouch.xcdatamodeld */ = {
			isa = XCVersionGroup;
			children = (
				917C6B1524135D0F0059E7D2 /* InTouch.xcdatamodel */,
			);
			currentVersion = 917C6B1524135D0F0059E7D2 /* InTouch.xcdatamodel */;
			path = InTouch.xcdatamodeld;
			sourceTree = "<group>";
			versionGroupType = wrapper.xcdatamodel;
		};
/* End XCVersionGroup section */
	};
	rootObject = 914FBF7A23DE22A10036017C /* Project object */;
}
